// !$*UTF8*$!
{
	archiveVersion = 1;
	classes = {
	};
	objectVersion = 46;
	objects = {

/* Begin PBXBuildFile section */
		D108F4AF1BE2FFE300A4BCF3 /* main.m in Sources */ = {isa = PBXBuildFile; fileRef = D108F4AE1BE2FFE300A4BCF3 /* main.m */; };
		D108F4B21BE2FFE300A4BCF3 /* AppDelegate.m in Sources */ = {isa = PBXBuildFile; fileRef = D108F4B11BE2FFE300A4BCF3 /* AppDelegate.m */; };
		D108F4B51BE2FFE300A4BCF3 /* ViewController.m in Sources */ = {isa = PBXBuildFile; fileRef = D108F4B41BE2FFE300A4BCF3 /* ViewController.m */; };
		D108F4B81BE2FFE300A4BCF3 /* Main.storyboard in Resources */ = {isa = PBXBuildFile; fileRef = D108F4B61BE2FFE300A4BCF3 /* Main.storyboard */; };
		D108F4BA1BE2FFE300A4BCF3 /* Images.xcassets in Resources */ = {isa = PBXBuildFile; fileRef = D108F4B91BE2FFE300A4BCF3 /* Images.xcassets */; };
		D108F4BD1BE2FFE300A4BCF3 /* LaunchScreen.xib in Resources */ = {isa = PBXBuildFile; fileRef = D108F4BB1BE2FFE300A4BCF3 /* LaunchScreen.xib */; };
		D108F4C91BE2FFE300A4BCF3 /* EMHudDemoTests.m in Sources */ = {isa = PBXBuildFile; fileRef = D108F4C81BE2FFE300A4BCF3 /* EMHudDemoTests.m */; };
		D108F4D51BE302F000A4BCF3 /* EMHud.m in Sources */ = {isa = PBXBuildFile; fileRef = D108F4D41BE302F000A4BCF3 /* EMHud.m */; };
		D108F4D71BE3035900A4BCF3 /* EMHud.xib in Resources */ = {isa = PBXBuildFile; fileRef = D108F4D61BE3035900A4BCF3 /* EMHud.xib */; };
		D1BBFE171BE329C100AE4BEB /* HUD_NO.png in Resources */ = {isa = PBXBuildFile; fileRef = D1BBFE131BE329C100AE4BEB /* HUD_NO.png */; };
		D1BBFE181BE329C100AE4BEB /* HUD_NO@2x.png in Resources */ = {isa = PBXBuildFile; fileRef = D1BBFE141BE329C100AE4BEB /* HUD_NO@2x.png */; };
		D1BBFE191BE329C100AE4BEB /* HUD_YES.png in Resources */ = {isa = PBXBuildFile; fileRef = D1BBFE151BE329C100AE4BEB /* HUD_YES.png */; };
		D1BBFE1A1BE329C100AE4BEB /* HUD_YES@2x.png in Resources */ = {isa = PBXBuildFile; fileRef = D1BBFE161BE329C100AE4BEB /* HUD_YES@2x.png */; };
		D1BBFE1C1BE33ECE00AE4BEB /* icon.png in Resources */ = {isa = PBXBuildFile; fileRef = D1BBFE1B1BE33ECE00AE4BEB /* icon.png */; };
/* End PBXBuildFile section */

/* Begin PBXContainerItemProxy section */
		D108F4C31BE2FFE300A4BCF3 /* PBXContainerItemProxy */ = {
			isa = PBXContainerItemProxy;
			containerPortal = D108F4A11BE2FFE300A4BCF3 /* Project object */;
			proxyType = 1;
			remoteGlobalIDString = D108F4A81BE2FFE300A4BCF3;
			remoteInfo = EMHudDemo;
		};
/* End PBXContainerItemProxy section */

/* Begin PBXFileReference section */
		D108F4A91BE2FFE300A4BCF3 /* EMHudDemo.app */ = {isa = PBXFileReference; explicitFileType = wrapper.application; includeInIndex = 0; path = EMHudDemo.app; sourceTree = BUILT_PRODUCTS_DIR; };
		D108F4AD1BE2FFE300A4BCF3 /* Info.plist */ = {isa = PBXFileReference; lastKnownFileType = text.plist.xml; path = Info.plist; sourceTree = "<group>"; };
		D108F4AE1BE2FFE300A4BCF3 /* main.m */ = {isa = PBXFileReference; lastKnownFileType = sourcecode.c.objc; path = main.m; sourceTree = "<group>"; };
		D108F4B01BE2FFE300A4BCF3 /* AppDelegate.h */ = {isa = PBXFileReference; lastKnownFileType = sourcecode.c.h; path = AppDelegate.h; sourceTree = "<group>"; };
		D108F4B11BE2FFE300A4BCF3 /* AppDelegate.m */ = {isa = PBXFileReference; lastKnownFileType = sourcecode.c.objc; path = AppDelegate.m; sourceTree = "<group>"; };
		D108F4B31BE2FFE300A4BCF3 /* ViewController.h */ = {isa = PBXFileReference; lastKnownFileType = sourcecode.c.h; path = ViewController.h; sourceTree = "<group>"; };
		D108F4B41BE2FFE300A4BCF3 /* ViewController.m */ = {isa = PBXFileReference; lastKnownFileType = sourcecode.c.objc; path = ViewController.m; sourceTree = "<group>"; };
		D108F4B71BE2FFE300A4BCF3 /* Base */ = {isa = PBXFileReference; lastKnownFileType = file.storyboard; name = Base; path = Base.lproj/Main.storyboard; sourceTree = "<group>"; };
		D108F4B91BE2FFE300A4BCF3 /* Images.xcassets */ = {isa = PBXFileReference; lastKnownFileType = folder.assetcatalog; path = Images.xcassets; sourceTree = "<group>"; };
		D108F4BC1BE2FFE300A4BCF3 /* Base */ = {isa = PBXFileReference; lastKnownFileType = file.xib; name = Base; path = Base.lproj/LaunchScreen.xib; sourceTree = "<group>"; };
		D108F4C21BE2FFE300A4BCF3 /* EMHudDemoTests.xctest */ = {isa = PBXFileReference; explicitFileType = wrapper.cfbundle; includeInIndex = 0; path = EMHudDemoTests.xctest; sourceTree = BUILT_PRODUCTS_DIR; };
		D108F4C71BE2FFE300A4BCF3 /* Info.plist */ = {isa = PBXFileReference; lastKnownFileType = text.plist.xml; path = Info.plist; sourceTree = "<group>"; };
		D108F4C81BE2FFE300A4BCF3 /* EMHudDemoTests.m */ = {isa = PBXFileReference; lastKnownFileType = sourcecode.c.objc; path = EMHudDemoTests.m; sourceTree = "<group>"; };
		D108F4D31BE302F000A4BCF3 /* EMHud.h */ = {isa = PBXFileReference; fileEncoding = 4; lastKnownFileType = sourcecode.c.h; path = EMHud.h; sourceTree = "<group>"; };
		D108F4D41BE302F000A4BCF3 /* EMHud.m */ = {isa = PBXFileReference; fileEncoding = 4; lastKnownFileType = sourcecode.c.objc; path = EMHud.m; sourceTree = "<group>"; };
		D108F4D61BE3035900A4BCF3 /* EMHud.xib */ = {isa = PBXFileReference; fileEncoding = 4; lastKnownFileType = file.xib; path = EMHud.xib; sourceTree = "<group>"; };
		D1BBFE131BE329C100AE4BEB /* HUD_NO.png */ = {isa = PBXFileReference; lastKnownFileType = image.png; path = HUD_NO.png; sourceTree = "<group>"; };
		D1BBFE141BE329C100AE4BEB /* HUD_NO@2x.png */ = {isa = PBXFileReference; lastKnownFileType = image.png; path = "HUD_NO@2x.png"; sourceTree = "<group>"; };
		D1BBFE151BE329C100AE4BEB /* HUD_YES.png */ = {isa = PBXFileReference; lastKnownFileType = image.png; path = HUD_YES.png; sourceTree = "<group>"; };
		D1BBFE161BE329C100AE4BEB /* HUD_YES@2x.png */ = {isa = PBXFileReference; lastKnownFileType = image.png; path = "HUD_YES@2x.png"; sourceTree = "<group>"; };
		D1BBFE1B1BE33ECE00AE4BEB /* icon.png */ = {isa = PBXFileReference; lastKnownFileType = image.png; path = icon.png; sourceTree = "<group>"; };
/* End PBXFileReference section */

/* Begin PBXFrameworksBuildPhase section */
		D108F4A61BE2FFE300A4BCF3 /* Frameworks */ = {
			isa = PBXFrameworksBuildPhase;
			buildActionMask = 2147483647;
			files = (
			);
			runOnlyForDeploymentPostprocessing = 0;
		};
		D108F4BF1BE2FFE300A4BCF3 /* Frameworks */ = {
			isa = PBXFrameworksBuildPhase;
			buildActionMask = 2147483647;
			files = (
			);
			runOnlyForDeploymentPostprocessing = 0;
		};
/* End PBXFrameworksBuildPhase section */

/* Begin PBXGroup section */
		D108F4A01BE2FFE300A4BCF3 = {
			isa = PBXGroup;
			children = (
				D108F4AB1BE2FFE300A4BCF3 /* EMHudDemo */,
				D108F4C51BE2FFE300A4BCF3 /* EMHudDemoTests */,
				D108F4AA1BE2FFE300A4BCF3 /* Products */,
			);
			sourceTree = "<group>";
		};
		D108F4AA1BE2FFE300A4BCF3 /* Products */ = {
			isa = PBXGroup;
			children = (
				D108F4A91BE2FFE300A4BCF3 /* EMHudDemo.app */,
				D108F4C21BE2FFE300A4BCF3 /* EMHudDemoTests.xctest */,
			);
			name = Products;
			sourceTree = "<group>";
		};
		D108F4AB1BE2FFE300A4BCF3 /* EMHudDemo */ = {
			isa = PBXGroup;
			children = (
				D108F4D21BE302CE00A4BCF3 /* EMHud */,
				D108F4B01BE2FFE300A4BCF3 /* AppDelegate.h */,
				D108F4B11BE2FFE300A4BCF3 /* AppDelegate.m */,
				D108F4B31BE2FFE300A4BCF3 /* ViewController.h */,
				D108F4B41BE2FFE300A4BCF3 /* ViewController.m */,
				D108F4B61BE2FFE300A4BCF3 /* Main.storyboard */,
				D108F4B91BE2FFE300A4BCF3 /* Images.xcassets */,
				D108F4BB1BE2FFE300A4BCF3 /* LaunchScreen.xib */,
				D108F4AC1BE2FFE300A4BCF3 /* Supporting Files */,
			);
			path = EMHudDemo;
			sourceTree = "<group>";
		};
		D108F4AC1BE2FFE300A4BCF3 /* Supporting Files */ = {
			isa = PBXGroup;
			children = (
				D108F4AD1BE2FFE300A4BCF3 /* Info.plist */,
				D108F4AE1BE2FFE300A4BCF3 /* main.m */,
			);
			name = "Supporting Files";
			sourceTree = "<group>";
		};
		D108F4C51BE2FFE300A4BCF3 /* EMHudDemoTests */ = {
			isa = PBXGroup;
			children = (
				D108F4C81BE2FFE300A4BCF3 /* EMHudDemoTests.m */,
				D108F4C61BE2FFE300A4BCF3 /* Supporting Files */,
			);
			path = EMHudDemoTests;
			sourceTree = "<group>";
		};
		D108F4C61BE2FFE300A4BCF3 /* Supporting Files */ = {
			isa = PBXGroup;
			children = (
				D108F4C71BE2FFE300A4BCF3 /* Info.plist */,
			);
			name = "Supporting Files";
			sourceTree = "<group>";
		};
		D108F4D21BE302CE00A4BCF3 /* EMHud */ = {
			isa = PBXGroup;
			children = (
				D1BBFE121BE329C100AE4BEB /* Images */,
				D108F4D31BE302F000A4BCF3 /* EMHud.h */,
				D108F4D41BE302F000A4BCF3 /* EMHud.m */,
				D108F4D61BE3035900A4BCF3 /* EMHud.xib */,
			);
			path = EMHud;
			sourceTree = "<group>";
		};
		D1BBFE121BE329C100AE4BEB /* Images */ = {
			isa = PBXGroup;
			children = (
				D1BBFE1B1BE33ECE00AE4BEB /* icon.png */,
				D1BBFE131BE329C100AE4BEB /* HUD_NO.png */,
				D1BBFE141BE329C100AE4BEB /* HUD_NO@2x.png */,
				D1BBFE151BE329C100AE4BEB /* HUD_YES.png */,
				D1BBFE161BE329C100AE4BEB /* HUD_YES@2x.png */,
			);
			path = Images;
			sourceTree = "<group>";
		};
/* End PBXGroup section */

/* Begin PBXNativeTarget section */
		D108F4A81BE2FFE300A4BCF3 /* EMHudDemo */ = {
			isa = PBXNativeTarget;
			buildConfigurationList = D108F4CC1BE2FFE300A4BCF3 /* Build configuration list for PBXNativeTarget "EMHudDemo" */;
			buildPhases = (
				D108F4A51BE2FFE300A4BCF3 /* Sources */,
				D108F4A61BE2FFE300A4BCF3 /* Frameworks */,
				D108F4A71BE2FFE300A4BCF3 /* Resources */,
			);
			buildRules = (
			);
			dependencies = (
			);
			name = EMHudDemo;
			productName = EMHudDemo;
			productReference = D108F4A91BE2FFE300A4BCF3 /* EMHudDemo.app */;
			productType = "com.apple.product-type.application";
		};
		D108F4C11BE2FFE300A4BCF3 /* EMHudDemoTests */ = {
			isa = PBXNativeTarget;
			buildConfigurationList = D108F4CF1BE2FFE300A4BCF3 /* Build configuration list for PBXNativeTarget "EMHudDemoTests" */;
			buildPhases = (
				D108F4BE1BE2FFE300A4BCF3 /* Sources */,
				D108F4BF1BE2FFE300A4BCF3 /* Frameworks */,
				D108F4C01BE2FFE300A4BCF3 /* Resources */,
			);
			buildRules = (
			);
			dependencies = (
				D108F4C41BE2FFE300A4BCF3 /* PBXTargetDependency */,
			);
			name = EMHudDemoTests;
			productName = EMHudDemoTests;
			productReference = D108F4C21BE2FFE300A4BCF3 /* EMHudDemoTests.xctest */;
			productType = "com.apple.product-type.bundle.unit-test";
		};
/* End PBXNativeTarget section */

/* Begin PBXProject section */
		D108F4A11BE2FFE300A4BCF3 /* Project object */ = {
			isa = PBXProject;
			attributes = {
				LastUpgradeCheck = 0640;
				ORGANIZATIONNAME = "张林峰";
				TargetAttributes = {
					D108F4A81BE2FFE300A4BCF3 = {
						CreatedOnToolsVersion = 6.4;
					};
					D108F4C11BE2FFE300A4BCF3 = {
						CreatedOnToolsVersion = 6.4;
						TestTargetID = D108F4A81BE2FFE300A4BCF3;
					};
				};
			};
			buildConfigurationList = D108F4A41BE2FFE300A4BCF3 /* Build configuration list for PBXProject "EMHudDemo" */;
			compatibilityVersion = "Xcode 3.2";
			developmentRegion = English;
			hasScannedForEncodings = 0;
			knownRegions = (
				en,
				Base,
			);
			mainGroup = D108F4A01BE2FFE300A4BCF3;
			productRefGroup = D108F4AA1BE2FFE300A4BCF3 /* Products */;
			projectDirPath = "";
			projectRoot = "";
			targets = (
				D108F4A81BE2FFE300A4BCF3 /* EMHudDemo */,
				D108F4C11BE2FFE300A4BCF3 /* EMHudDemoTests */,
			);
		};
/* End PBXProject section */

/* Begin PBXResourcesBuildPhase section */
		D108F4A71BE2FFE300A4BCF3 /* Resources */ = {
			isa = PBXResourcesBuildPhase;
			buildActionMask = 2147483647;
			files = (
				D1BBFE171BE329C100AE4BEB /* HUD_NO.png in Resources */,
				D1BBFE181BE329C100AE4BEB /* HUD_NO@2x.png in Resources */,
				D1BBFE1C1BE33ECE00AE4BEB /* icon.png in Resources */,
				D108F4B81BE2FFE300A4BCF3 /* Main.storyboard in Resources */,
				D108F4D71BE3035900A4BCF3 /* EMHud.xib in Resources */,
				D1BBFE1A1BE329C100AE4BEB /* HUD_YES@2x.png in Resources */,
				D108F4BD1BE2FFE300A4BCF3 /* LaunchScreen.xib in Resources */,
				D108F4BA1BE2FFE300A4BCF3 /* Images.xcassets in Resources */,
				D1BBFE191BE329C100AE4BEB /* HUD_YES.png in Resources */,
			);
			runOnlyForDeploymentPostprocessing = 0;
		};
		D108F4C01BE2FFE300A4BCF3 /* Resources */ = {
			isa = PBXResourcesBuildPhase;
			buildActionMask = 2147483647;
			files = (
			);
			runOnlyForDeploymentPostprocessing = 0;
		};
/* End PBXResourcesBuildPhase section */

/* Begin PBXSourcesBuildPhase section */
		D108F4A51BE2FFE300A4BCF3 /* Sources */ = {
			isa = PBXSourcesBuildPhase;
			buildActionMask = 2147483647;
			files = (
				D108F4B51BE2FFE300A4BCF3 /* ViewController.m in Sources */,
				D108F4D51BE302F000A4BCF3 /* EMHud.m in Sources */,
				D108F4B21BE2FFE300A4BCF3 /* AppDelegate.m in Sources */,
				D108F4AF1BE2FFE300A4BCF3 /* main.m in Sources */,
			);
			runOnlyForDeploymentPostprocessing = 0;
		};
		D108F4BE1BE2FFE300A4BCF3 /* Sources */ = {
			isa = PBXSourcesBuildPhase;
			buildActionMask = 2147483647;
			files = (
				D108F4C91BE2FFE300A4BCF3 /* EMHudDemoTests.m in Sources */,
			);
			runOnlyForDeploymentPostprocessing = 0;
		};
/* End PBXSourcesBuildPhase section */

/* Begin PBXTargetDependency section */
		D108F4C41BE2FFE300A4BCF3 /* PBXTargetDependency */ = {
			isa = PBXTargetDependency;
			target = D108F4A81BE2FFE300A4BCF3 /* EMHudDemo */;
			targetProxy = D108F4C31BE2FFE300A4BCF3 /* PBXContainerItemProxy */;
		};
/* End PBXTargetDependency section */

/* Begin PBXVariantGroup section */
		D108F4B61BE2FFE300A4BCF3 /* Main.storyboard */ = {
			isa = PBXVariantGroup;
			children = (
				D108F4B71BE2FFE300A4BCF3 /* Base */,
			);
			name = Main.storyboard;
			sourceTree = "<group>";
		};
		D108F4BB1BE2FFE300A4BCF3 /* LaunchScreen.xib */ = {
			isa = PBXVariantGroup;
			children = (
				D108F4BC1BE2FFE300A4BCF3 /* Base */,
			);
			name = LaunchScreen.xib;
			sourceTree = "<group>";
		};
/* End PBXVariantGroup section */

/* Begin XCBuildConfiguration section */
		D108F4CA1BE2FFE300A4BCF3 /* Debug */ = {
			isa = XCBuildConfiguration;
			buildSettings = {
				ALWAYS_SEARCH_USER_PATHS = NO;
				CLANG_CXX_LANGUAGE_STANDARD = "gnu++0x";
				CLANG_CXX_LIBRARY = "libc++";
				CLANG_ENABLE_MODULES = YES;
				CLANG_ENABLE_OBJC_ARC = YES;
				CLANG_WARN_BOOL_CONVERSION = YES;
				CLANG_WARN_CONSTANT_CONVERSION = YES;
				CLANG_WARN_DIRECT_OBJC_ISA_USAGE = YES_ERROR;
				CLANG_WARN_EMPTY_BODY = YES;
				CLANG_WARN_ENUM_CONVERSION = YES;
				CLANG_WARN_INT_CONVERSION = YES;
				CLANG_WARN_OBJC_ROOT_CLASS = YES_ERROR;
				CLANG_WARN_UNREACHABLE_CODE = YES;
				CLANG_WARN__DUPLICATE_METHOD_MATCH = YES;
				"CODE_SIGN_IDENTITY[sdk=iphoneos*]" = "iPhone Developer";
				COPY_PHASE_STRIP = NO;
				DEBUG_INFORMATION_FORMAT = "dwarf-with-dsym";
				ENABLE_STRICT_OBJC_MSGSEND = YES;
				GCC_C_LANGUAGE_STANDARD = gnu99;
				GCC_DYNAMIC_NO_PIC = NO;
				GCC_NO_COMMON_BLOCKS = YES;
				GCC_OPTIMIZATION_LEVEL = 0;
				GCC_PREPROCESSOR_DEFINITIONS = (
					"DEBUG=1",
					"$(inherited)",
				);
				GCC_SYMBOLS_PRIVATE_EXTERN = NO;
				GCC_WARN_64_TO_32_BIT_CONVERSION = YES;
				GCC_WARN_ABOUT_RETURN_TYPE = YES_ERROR;
				GCC_WARN_UNDECLARED_SELECTOR = YES;
				GCC_WARN_UNINITIALIZED_AUTOS = YES_AGGRESSIVE;
				GCC_WARN_UNUSED_FUNCTION = YES;
				GCC_WARN_UNUSED_VARIABLE = YES;
				IPHONEOS_DEPLOYMENT_TARGET = 8.4;
				MTL_ENABLE_DEBUG_INFO = YES;
				ONLY_ACTIVE_ARCH = YES;
				SDKROOT = iphoneos;
				TARGETED_DEVICE_FAMILY = "1,2";
			};
			name = Debug;
		};
		D108F4CB1BE2FFE300A4BCF3 /* Release */ = {
			isa = XCBuildConfiguration;
			buildSettings = {
				ALWAYS_SEARCH_USER_PATHS = NO;
				CLANG_CXX_LANGUAGE_STANDARD = "gnu++0x";
				CLANG_CXX_LIBRARY = "libc++";
				CLANG_ENABLE_MODULES = YES;
				CLANG_ENABLE_OBJC_ARC = YES;
				CLANG_WARN_BOOL_CONVERSION = YES;
				CLANG_WARN_CONSTANT_CONVERSION = YES;
				CLANG_WARN_DIRECT_OBJC_ISA_USAGE = YES_ERROR;
				CLANG_WARN_EMPTY_BODY = YES;
				CLANG_WARN_ENUM_CONVERSION = YES;
				CLANG_WARN_INT_CONVERSION = YES;
				CLANG_WARN_OBJC_ROOT_CLASS = YES_ERROR;
				CLANG_WARN_UNREACHABLE_CODE = YES;
				CLANG_WARN__DUPLICATE_METHOD_MATCH = YES;
				"CODE_SIGN_IDENTITY[sdk=iphoneos*]" = "iPhone Developer";
				COPY_PHASE_STRIP = NO;
				DEBUG_INFORMATION_FORMAT = "dwarf-with-dsym";
				ENABLE_NS_ASSERTIONS = NO;
				ENABLE_STRICT_OBJC_MSGSEND = YES;
				GCC_C_LANGUAGE_STANDARD = gnu99;
				GCC_NO_COMMON_BLOCKS = YES;
				GCC_WARN_64_TO_32_BIT_CONVERSION = YES;
				GCC_WARN_ABOUT_RETURN_TYPE = YES_ERROR;
				GCC_WARN_UNDECLARED_SELECTOR = YES;
				GCC_WARN_UNINITIALIZED_AUTOS = YES_AGGRESSIVE;
				GCC_WARN_UNUSED_FUNCTION = YES;
				GCC_WARN_UNUSED_VARIABLE = YES;
				IPHONEOS_DEPLOYMENT_TARGET = 8.4;
				MTL_ENABLE_DEBUG_INFO = NO;
				SDKROOT = iphoneos;
				TARGETED_DEVICE_FAMILY = "1,2";
				VALIDATE_PRODUCT = YES;
			};
			name = Release;
		};
		D108F4CD1BE2FFE300A4BCF3 /* Debug */ = {
			isa = XCBuildConfiguration;
			buildSettings = {
				ASSETCATALOG_COMPILER_APPICON_NAME = AppIcon;
				CODE_SIGN_IDENTITY = "iPhone Developer";
				"CODE_SIGN_IDENTITY[sdk=iphoneos*]" = "iPhone Developer";
				INFOPLIST_FILE = EMHudDemo/Info.plist;
				IPHONEOS_DEPLOYMENT_TARGET = 8.0;
				LD_RUNPATH_SEARCH_PATHS = "$(inherited) @executable_path/Frameworks";
				PRODUCT_NAME = "$(TARGET_NAME)";
				PROVISIONING_PROFILE = "";
			};
			name = Debug;
		};
		D108F4CE1BE2FFE300A4BCF3 /* Release */ = {
			isa = XCBuildConfiguration;
			buildSettings = {
				ASSETCATALOG_COMPILER_APPICON_NAME = AppIcon;
				CODE_SIGN_IDENTITY = "iPhone Developer";
				"CODE_SIGN_IDENTITY[sdk=iphoneos*]" = "iPhone Developer";
				INFOPLIST_FILE = EMHudDemo/Info.plist;
				IPHONEOS_DEPLOYMENT_TARGET = 8.0;
				LD_RUNPATH_SEARCH_PATHS = "$(inherited) @executable_path/Frameworks";
				PRODUCT_NAME = "$(TARGET_NAME)";
				PROVISIONING_PROFILE = "";
			};
			name = Release;
		};
		D108F4D01BE2FFE300A4BCF3 /* Debug */ = {
			isa = XCBuildConfiguration;
			buildSettings = {
				BUNDLE_LOADER = "$(TEST_HOST)";
				FRAMEWORK_SEARCH_PATHS = (
					"$(SDKROOT)/Developer/Library/Frameworks",
					"$(inherited)",
				);
				GCC_PREPROCESSOR_DEFINITIONS = (
					"DEBUG=1",
					"$(inherited)",
				);
				INFOPLIST_FILE = EMHudDemoTests/Info.plist;
				LD_RUNPATH_SEARCH_PATHS = "$(inherited) @executable_path/Frameworks @loader_path/Frameworks";
				PRODUCT_NAME = "$(TARGET_NAME)";
				TEST_HOST = "$(BUILT_PRODUCTS_DIR)/EMHudDemo.app/EMHudDemo";
			};
			name = Debug;
		};
		D108F4D11BE2FFE300A4BCF3 /* Release */ = {
			isa = XCBuildConfiguration;
			buildSettings = {
				BUNDLE_LOADER = "$(TEST_HOST)";
				FRAMEWORK_SEARCH_PATHS = (
					"$(SDKROOT)/Developer/Library/Frameworks",
					"$(inherited)",
				);
				INFOPLIST_FILE = EMHudDemoTests/Info.plist;
				LD_RUNPATH_SEARCH_PATHS = "$(inherited) @executable_path/Frameworks @loader_path/Frameworks";
				PRODUCT_NAME = "$(TARGET_NAME)";
				TEST_HOST = "$(BUILT_PRODUCTS_DIR)/EMHudDemo.app/EMHudDemo";
			};
			name = Release;
		};
/* End XCBuildConfiguration section */

/* Begin XCConfigurationList section */
		D108F4A41BE2FFE300A4BCF3 /* Build configuration list for PBXProject "EMHudDemo" */ = {
			isa = XCConfigurationList;
			buildConfigurations = (
				D108F4CA1BE2FFE300A4BCF3 /* Debug */,
				D108F4CB1BE2FFE300A4BCF3 /* Release */,
			);
			defaultConfigurationIsVisible = 0;
			defaultConfigurationName = Release;
		};
		D108F4CC1BE2FFE300A4BCF3 /* Build configuration list for PBXNativeTarget "EMHudDemo" */ = {
			isa = XCConfigurationList;
			buildConfigurations = (
				D108F4CD1BE2FFE300A4BCF3 /* Debug */,
				D108F4CE1BE2FFE300A4BCF3 /* Release */,
			);
			defaultConfigurationIsVisible = 0;
			defaultConfigurationName = Release;
		};
		D108F4CF1BE2FFE300A4BCF3 /* Build configuration list for PBXNativeTarget "EMHudDemoTests" */ = {
			isa = XCConfigurationList;
			buildConfigurations = (
				D108F4D01BE2FFE300A4BCF3 /* Debug */,
				D108F4D11BE2FFE300A4BCF3 /* Release */,
			);
			defaultConfigurationIsVisible = 0;
			defaultConfigurationName = Release;
		};
/* End XCConfigurationList section */
	};
	rootObject = D108F4A11BE2FFE300A4BCF3 /* Project object */;
}
